<?xml version="1.0" encoding="UTF-8"?>
<!DOCTYPE plist PUBLIC "-//Apple//DTD PLIST 1.0//EN" "http://www.apple.com/DTDs/PropertyList-1.0.dtd">
<plist version="1.0">
<dict>
	<key>hostname</key>
	<string>Petrichor.local</string>
	<key>hostuuid</key>
	<string>DDE92E55-AF2F-5173-B647-17653E89C1CE</string>
	<key>pid</key>
	<integer>432</integer>
	<key>processname</key>
	<string>photolibraryd</string>
	<key>uid</key>
	<integer>501</integer>
</dict>
</plist>
